
Microsoft Visual Studio Solution File, Format Version 12.00
# Visual Studio Version 17
VisualStudioVersion = 17.3.32922.545
MinimumVisualStudioVersion = 10.0.40219.1
Project("{9A19103F-16F7-4668-BE54-9A1E7A4F7556}") = "FinalProject", "FinalProject\FinalProject.csproj", "{BB52A650-B618-4C82-936F-32EBEF3A60F0}"
EndProject
Global
	GlobalSection(SolutionConfigurationPlatforms) = preSolution
		Debug|Any CPU = Debug|Any CPU
		Release|Any CPU = Release|Any CPU
	EndGlobalSection
	GlobalSection(ProjectConfigurationPlatforms) = postSolution
		{BB52A650-B618-4C82-936F-32EBEF3A60F0}.Debug|Any CPU.ActiveCfg = Debug|Any CPU
		{BB52A650-B618-4C82-936F-32EBEF3A60F0}.Debug|Any CPU.Build.0 = Debug|Any CPU
		{BB52A650-B618-4C82-936F-32EBEF3A60F0}.Release|Any CPU.ActiveCfg = Release|Any CPU
		{BB52A650-B618-4C82-936F-32EBEF3A60F0}.Release|Any CPU.Build.0 = Release|Any CPU
	EndGlobalSection
	GlobalSection(SolutionProperties) = preSolution
		HideSolutionNode = FALSE
	EndGlobalSection
	GlobalSection(ExtensibilityGlobals) = postSolution
		SolutionGuid = {DD0CCDF5-CC4B-440F-917E-9C3F9E138AEC}
	EndGlobalSection
EndGlobal
